// !$*UTF8*$!
{
	archiveVersion = 1;
	classes = {
	};
	objectVersion = 46;
	objects = {

/* Begin PBXBuildFile section */
		611DEA011A1019DE002F9751 /* cooltext1776802532.png in Resources */ = {isa = PBXBuildFile; fileRef = 611DE9FF1A1019DE002F9751 /* cooltext1776802532.png */; };
		611DEA021A1019DE002F9751 /* 41590_23656642917_1773_n.jpg in Resources */ = {isa = PBXBuildFile; fileRef = 611DEA001A1019DE002F9751 /* 41590_23656642917_1773_n.jpg */; };
		611DEA051A101E24002F9751 /* ViewControllerinfo.m in Sources */ = {isa = PBXBuildFile; fileRef = 611DEA041A101E24002F9751 /* ViewControllerinfo.m */; };
		611DEA071A10221C002F9751 /* LaunchScreen.xib in Resources */ = {isa = PBXBuildFile; fileRef = 611DEA061A10221B002F9751 /* LaunchScreen.xib */; };
		6156BDE01A4F35C700479DEE /* kalender.m in Sources */ = {isa = PBXBuildFile; fileRef = 6156BDDF1A4F35C700479DEE /* kalender.m */; };
		6156BDE31A4F4EE400479DEE /* reglementweb.m in Sources */ = {isa = PBXBuildFile; fileRef = 6156BDE21A4F4EE400479DEE /* reglementweb.m */; };
		616662C21A0E779E00445753 /* main.m in Sources */ = {isa = PBXBuildFile; fileRef = 616662C11A0E779E00445753 /* main.m */; };
		616662C51A0E779E00445753 /* AppDelegate.m in Sources */ = {isa = PBXBuildFile; fileRef = 616662C41A0E779E00445753 /* AppDelegate.m */; };
		616662C81A0E779E00445753 /* ViewController.m in Sources */ = {isa = PBXBuildFile; fileRef = 616662C71A0E779E00445753 /* ViewController.m */; };
		616662CB1A0E779E00445753 /* Main.storyboard in Resources */ = {isa = PBXBuildFile; fileRef = 616662C91A0E779E00445753 /* Main.storyboard */; };
		616662CD1A0E779E00445753 /* Images.xcassets in Resources */ = {isa = PBXBuildFile; fileRef = 616662CC1A0E779E00445753 /* Images.xcassets */; };
		616662DC1A0E779E00445753 /* teeestTests.m in Sources */ = {isa = PBXBuildFile; fileRef = 616662DB1A0E779E00445753 /* teeestTests.m */; };
		61FB1F5C1A2B638B0032AC69 /* first.m in Sources */ = {isa = PBXBuildFile; fileRef = 61FB1F5B1A2B638B0032AC69 /* first.m */; };
/* End PBXBuildFile section */

/* Begin PBXContainerItemProxy section */
		616662D61A0E779E00445753 /* PBXContainerItemProxy */ = {
			isa = PBXContainerItemProxy;
			containerPortal = 616662B41A0E779E00445753 /* Project object */;
			proxyType = 1;
			remoteGlobalIDString = 616662BB1A0E779E00445753;
			remoteInfo = teeest;
		};
/* End PBXContainerItemProxy section */

/* Begin PBXFileReference section */
		611DE9FF1A1019DE002F9751 /* cooltext1776802532.png */ = {isa = PBXFileReference; lastKnownFileType = image.png; path = cooltext1776802532.png; sourceTree = "<group>"; };
		611DEA001A1019DE002F9751 /* 41590_23656642917_1773_n.jpg */ = {isa = PBXFileReference; lastKnownFileType = image.jpeg; path = 41590_23656642917_1773_n.jpg; sourceTree = "<group>"; };
		611DEA031A101E24002F9751 /* ViewControllerinfo.h */ = {isa = PBXFileReference; fileEncoding = 4; lastKnownFileType = sourcecode.c.h; path = ViewControllerinfo.h; sourceTree = "<group>"; };
		611DEA041A101E24002F9751 /* ViewControllerinfo.m */ = {isa = PBXFileReference; fileEncoding = 4; lastKnownFileType = sourcecode.c.objc; path = ViewControllerinfo.m; sourceTree = "<group>"; };
		611DEA061A10221B002F9751 /* LaunchScreen.xib */ = {isa = PBXFileReference; fileEncoding = 4; lastKnownFileType = file.xib; path = LaunchScreen.xib; sourceTree = "<group>"; };
		6156BDDE1A4F35C700479DEE /* kalender.h */ = {isa = PBXFileReference; fileEncoding = 4; lastKnownFileType = sourcecode.c.h; path = kalender.h; sourceTree = "<group>"; };
		6156BDDF1A4F35C700479DEE /* kalender.m */ = {isa = PBXFileReference; fileEncoding = 4; lastKnownFileType = sourcecode.c.objc; path = kalender.m; sourceTree = "<group>"; };
		6156BDE11A4F4EE400479DEE /* reglementweb.h */ = {isa = PBXFileReference; fileEncoding = 4; lastKnownFileType = sourcecode.c.h; path = reglementweb.h; sourceTree = "<group>"; };
		6156BDE21A4F4EE400479DEE /* reglementweb.m */ = {isa = PBXFileReference; fileEncoding = 4; lastKnownFileType = sourcecode.c.objc; path = reglementweb.m; sourceTree = "<group>"; };
		616662BC1A0E779E00445753 /* TumblingSC.app */ = {isa = PBXFileReference; explicitFileType = wrapper.application; includeInIndex = 0; path = TumblingSC.app; sourceTree = BUILT_PRODUCTS_DIR; };
		616662C01A0E779E00445753 /* Info.plist */ = {isa = PBXFileReference; lastKnownFileType = text.plist.xml; path = Info.plist; sourceTree = "<group>"; };
		616662C11A0E779E00445753 /* main.m */ = {isa = PBXFileReference; lastKnownFileType = sourcecode.c.objc; path = main.m; sourceTree = "<group>"; };
		616662C31A0E779E00445753 /* AppDelegate.h */ = {isa = PBXFileReference; lastKnownFileType = sourcecode.c.h; path = AppDelegate.h; sourceTree = "<group>"; };
		616662C41A0E779E00445753 /* AppDelegate.m */ = {isa = PBXFileReference; lastKnownFileType = sourcecode.c.objc; path = AppDelegate.m; sourceTree = "<group>"; };
		616662C61A0E779E00445753 /* ViewController.h */ = {isa = PBXFileReference; lastKnownFileType = sourcecode.c.h; path = ViewController.h; sourceTree = "<group>"; };
		616662C71A0E779E00445753 /* ViewController.m */ = {isa = PBXFileReference; lastKnownFileType = sourcecode.c.objc; path = ViewController.m; sourceTree = "<group>"; };
		616662CA1A0E779E00445753 /* Base */ = {isa = PBXFileReference; lastKnownFileType = file.storyboard; name = Base; path = Base.lproj/Main.storyboard; sourceTree = "<group>"; };
		616662CC1A0E779E00445753 /* Images.xcassets */ = {isa = PBXFileReference; lastKnownFileType = folder.assetcatalog; path = Images.xcassets; sourceTree = "<group>"; };
		616662D51A0E779E00445753 /* TumblingSCTests.xctest */ = {isa = PBXFileReference; explicitFileType = wrapper.cfbundle; includeInIndex = 0; path = TumblingSCTests.xctest; sourceTree = BUILT_PRODUCTS_DIR; };
		616662DA1A0E779E00445753 /* Info.plist */ = {isa = PBXFileReference; lastKnownFileType = text.plist.xml; path = Info.plist; sourceTree = "<group>"; };
		616662DB1A0E779E00445753 /* teeestTests.m */ = {isa = PBXFileReference; lastKnownFileType = sourcecode.c.objc; path = teeestTests.m; sourceTree = "<group>"; };
		61FB1F5A1A2B638B0032AC69 /* first.h */ = {isa = PBXFileReference; fileEncoding = 4; lastKnownFileType = sourcecode.c.h; name = first.h; path = ../first.h; sourceTree = "<group>"; };
		61FB1F5B1A2B638B0032AC69 /* first.m */ = {isa = PBXFileReference; fileEncoding = 4; lastKnownFileType = sourcecode.c.objc; name = first.m; path = ../first.m; sourceTree = "<group>"; };
/* End PBXFileReference section */

/* Begin PBXFrameworksBuildPhase section */
		616662B91A0E779E00445753 /* Frameworks */ = {
			isa = PBXFrameworksBuildPhase;
			buildActionMask = 2147483647;
			files = (
			);
			runOnlyForDeploymentPostprocessing = 0;
		};
		616662D21A0E779E00445753 /* Frameworks */ = {
			isa = PBXFrameworksBuildPhase;
			buildActionMask = 2147483647;
			files = (
			);
			runOnlyForDeploymentPostprocessing = 0;
		};
/* End PBXFrameworksBuildPhase section */

/* Begin PBXGroup section */
		616662B31A0E779E00445753 = {
			isa = PBXGroup;
			children = (
				616662BE1A0E779E00445753 /* teeest */,
				616662D81A0E779E00445753 /* teeestTests */,
				616662BD1A0E779E00445753 /* Products */,
			);
			sourceTree = "<group>";
		};
		616662BD1A0E779E00445753 /* Products */ = {
			isa = PBXGroup;
			children = (
				616662BC1A0E779E00445753 /* TumblingSC.app */,
				616662D51A0E779E00445753 /* TumblingSCTests.xctest */,
			);
			name = Products;
			sourceTree = "<group>";
		};
		616662BE1A0E779E00445753 /* teeest */ = {
			isa = PBXGroup;
			children = (
				616662C31A0E779E00445753 /* AppDelegate.h */,
				616662C41A0E779E00445753 /* AppDelegate.m */,
				61FB1F5A1A2B638B0032AC69 /* first.h */,
				61FB1F5B1A2B638B0032AC69 /* first.m */,
				616662C61A0E779E00445753 /* ViewController.h */,
				616662C71A0E779E00445753 /* ViewController.m */,
				6156BDDE1A4F35C700479DEE /* kalender.h */,
				6156BDDF1A4F35C700479DEE /* kalender.m */,
				6156BDE11A4F4EE400479DEE /* reglementweb.h */,
				6156BDE21A4F4EE400479DEE /* reglementweb.m */,
				611DEA031A101E24002F9751 /* ViewControllerinfo.h */,
				611DEA041A101E24002F9751 /* ViewControllerinfo.m */,
				616662C91A0E779E00445753 /* Main.storyboard */,
				616662CC1A0E779E00445753 /* Images.xcassets */,
				611DEA061A10221B002F9751 /* LaunchScreen.xib */,
				616662BF1A0E779E00445753 /* Supporting Files */,
			);
			path = teeest;
			sourceTree = "<group>";
		};
		616662BF1A0E779E00445753 /* Supporting Files */ = {
			isa = PBXGroup;
			children = (
				611DE9FF1A1019DE002F9751 /* cooltext1776802532.png */,
				611DEA001A1019DE002F9751 /* 41590_23656642917_1773_n.jpg */,
				616662C01A0E779E00445753 /* Info.plist */,
				616662C11A0E779E00445753 /* main.m */,
			);
			name = "Supporting Files";
			sourceTree = "<group>";
		};
		616662D81A0E779E00445753 /* teeestTests */ = {
			isa = PBXGroup;
			children = (
				616662DB1A0E779E00445753 /* teeestTests.m */,
				616662D91A0E779E00445753 /* Supporting Files */,
			);
			path = teeestTests;
			sourceTree = "<group>";
		};
		616662D91A0E779E00445753 /* Supporting Files */ = {
			isa = PBXGroup;
			children = (
				616662DA1A0E779E00445753 /* Info.plist */,
			);
			name = "Supporting Files";
			sourceTree = "<group>";
		};
/* End PBXGroup section */

/* Begin PBXNativeTarget section */
		616662BB1A0E779E00445753 /* TumblingSC */ = {
			isa = PBXNativeTarget;
			buildConfigurationList = 616662DF1A0E779E00445753 /* Build configuration list for PBXNativeTarget "TumblingSC" */;
			buildPhases = (
				616662B81A0E779E00445753 /* Sources */,
				616662B91A0E779E00445753 /* Frameworks */,
				616662BA1A0E779E00445753 /* Resources */,
			);
			buildRules = (
			);
			dependencies = (
			);
			name = TumblingSC;
			productName = teeest;
			productReference = 616662BC1A0E779E00445753 /* TumblingSC.app */;
			productType = "com.apple.product-type.application";
		};
		616662D41A0E779E00445753 /* TumblingSCTests */ = {
			isa = PBXNativeTarget;
			buildConfigurationList = 616662E21A0E779E00445753 /* Build configuration list for PBXNativeTarget "TumblingSCTests" */;
			buildPhases = (
				616662D11A0E779E00445753 /* Sources */,
				616662D21A0E779E00445753 /* Frameworks */,
				616662D31A0E779E00445753 /* Resources */,
			);
			buildRules = (
			);
			dependencies = (
				616662D71A0E779E00445753 /* PBXTargetDependency */,
			);
			name = TumblingSCTests;
			productName = teeestTests;
			productReference = 616662D51A0E779E00445753 /* TumblingSCTests.xctest */;
			productType = "com.apple.product-type.bundle.unit-test";
		};
/* End PBXNativeTarget section */

/* Begin PBXProject section */
		616662B41A0E779E00445753 /* Project object */ = {
			isa = PBXProject;
			attributes = {
				LastUpgradeCheck = 0610;
				ORGANIZATIONNAME = "Janus Broch Mols";
				TargetAttributes = {
					616662BB1A0E779E00445753 = {
						CreatedOnToolsVersion = 6.1;
						DevelopmentTeam = 9CRRCXUMP7;
					};
					616662D41A0E779E00445753 = {
						CreatedOnToolsVersion = 6.1;
						DevelopmentTeam = 9CRRCXUMP7;
						TestTargetID = 616662BB1A0E779E00445753;
					};
				};
			};
			buildConfigurationList = 616662B71A0E779E00445753 /* Build configuration list for PBXProject "TumblingSC" */;
			compatibilityVersion = "Xcode 3.2";
			developmentRegion = English;
			hasScannedForEncodings = 0;
			knownRegions = (
				en,
				Base,
			);
			mainGroup = 616662B31A0E779E00445753;
			productRefGroup = 616662BD1A0E779E00445753 /* Products */;
			projectDirPath = "";
			projectRoot = "";
			targets = (
				616662BB1A0E779E00445753 /* TumblingSC */,
				616662D41A0E779E00445753 /* TumblingSCTests */,
			);
		};
/* End PBXProject section */

/* Begin PBXResourcesBuildPhase section */
		616662BA1A0E779E00445753 /* Resources */ = {
			isa = PBXResourcesBuildPhase;
			buildActionMask = 2147483647;
			files = (
				611DEA011A1019DE002F9751 /* cooltext1776802532.png in Resources */,
				616662CB1A0E779E00445753 /* Main.storyboard in Resources */,
				611DEA021A1019DE002F9751 /* 41590_23656642917_1773_n.jpg in Resources */,
				611DEA071A10221C002F9751 /* LaunchScreen.xib in Resources */,
				616662CD1A0E779E00445753 /* Images.xcassets in Resources */,
			);
			runOnlyForDeploymentPostprocessing = 0;
		};
		616662D31A0E779E00445753 /* Resources */ = {
			isa = PBXResourcesBuildPhase;
			buildActionMask = 2147483647;
			files = (
			);
			runOnlyForDeploymentPostprocessing = 0;
		};
/* End PBXResourcesBuildPhase section */

/* Begin PBXSourcesBuildPhase section */
		616662B81A0E779E00445753 /* Sources */ = {
			isa = PBXSourcesBuildPhase;
			buildActionMask = 2147483647;
			files = (
				616662C81A0E779E00445753 /* ViewController.m in Sources */,
				616662C51A0E779E00445753 /* AppDelegate.m in Sources */,
				611DEA051A101E24002F9751 /* ViewControllerinfo.m in Sources */,
				6156BDE31A4F4EE400479DEE /* reglementweb.m in Sources */,
				6156BDE01A4F35C700479DEE /* kalender.m in Sources */,
				61FB1F5C1A2B638B0032AC69 /* first.m in Sources */,
				616662C21A0E779E00445753 /* main.m in Sources */,
			);
			runOnlyForDeploymentPostprocessing = 0;
		};
		616662D11A0E779E00445753 /* Sources */ = {
			isa = PBXSourcesBuildPhase;
			buildActionMask = 2147483647;
			files = (
				616662DC1A0E779E00445753 /* teeestTests.m in Sources */,
			);
			runOnlyForDeploymentPostprocessing = 0;
		};
/* End PBXSourcesBuildPhase section */

/* Begin PBXTargetDependency section */
		616662D71A0E779E00445753 /* PBXTargetDependency */ = {
			isa = PBXTargetDependency;
			target = 616662BB1A0E779E00445753 /* TumblingSC */;
			targetProxy = 616662D61A0E779E00445753 /* PBXContainerItemProxy */;
		};
/* End PBXTargetDependency section */

/* Begin PBXVariantGroup section */
		616662C91A0E779E00445753 /* Main.storyboard */ = {
			isa = PBXVariantGroup;
			children = (
				616662CA1A0E779E00445753 /* Base */,
			);
			name = Main.storyboard;
			sourceTree = "<group>";
		};
/* End PBXVariantGroup section */

/* Begin XCBuildConfiguration section */
		616662DD1A0E779E00445753 /* Debug */ = {
			isa = XCBuildConfiguration;
			buildSettings = {
				ALWAYS_SEARCH_USER_PATHS = NO;
				CLANG_CXX_LANGUAGE_STANDARD = "gnu++0x";
				CLANG_CXX_LIBRARY = "libc++";
				CLANG_ENABLE_MODULES = YES;
				CLANG_ENABLE_OBJC_ARC = YES;
				CLANG_WARN_BOOL_CONVERSION = YES;
				CLANG_WARN_CONSTANT_CONVERSION = YES;
				CLANG_WARN_DIRECT_OBJC_ISA_USAGE = YES_ERROR;
				CLANG_WARN_EMPTY_BODY = YES;
				CLANG_WARN_ENUM_CONVERSION = YES;
				CLANG_WARN_INT_CONVERSION = YES;
				CLANG_WARN_OBJC_ROOT_CLASS = YES_ERROR;
				CLANG_WARN_UNREACHABLE_CODE = YES;
				CLANG_WARN__DUPLICATE_METHOD_MATCH = YES;
				CODE_SIGN_IDENTITY = "iPhone Distribution: Janus Broch Mols (9CRRCXUMP7)";
				"CODE_SIGN_IDENTITY[sdk=iphoneos*]" = "iPhone Distribution: Janus Broch Mols (9CRRCXUMP7)";
				COPY_PHASE_STRIP = NO;
				ENABLE_STRICT_OBJC_MSGSEND = YES;
				GCC_C_LANGUAGE_STANDARD = gnu99;
				GCC_DYNAMIC_NO_PIC = NO;
				GCC_OPTIMIZATION_LEVEL = 0;
				GCC_PREPROCESSOR_DEFINITIONS = (
					"DEBUG=1",
					"$(inherited)",
				);
				GCC_SYMBOLS_PRIVATE_EXTERN = NO;
				GCC_WARN_64_TO_32_BIT_CONVERSION = YES;
				GCC_WARN_ABOUT_RETURN_TYPE = YES_ERROR;
				GCC_WARN_UNDECLARED_SELECTOR = YES;
				GCC_WARN_UNINITIALIZED_AUTOS = YES_AGGRESSIVE;
				GCC_WARN_UNUSED_FUNCTION = YES;
				GCC_WARN_UNUSED_VARIABLE = YES;
				IPHONEOS_DEPLOYMENT_TARGET = 8.1;
				MTL_ENABLE_DEBUG_INFO = YES;
				ONLY_ACTIVE_ARCH = YES;
				PROVISIONING_PROFILE = "f8ebb013-b994-47ef-af69-1136893c6303";
				SDKROOT = iphoneos;
			};
			name = Debug;
		};
		616662DE1A0E779E00445753 /* Release */ = {
			isa = XCBuildConfiguration;
			buildSettings = {
				ALWAYS_SEARCH_USER_PATHS = NO;
				CLANG_CXX_LANGUAGE_STANDARD = "gnu++0x";
				CLANG_CXX_LIBRARY = "libc++";
				CLANG_ENABLE_MODULES = YES;
				CLANG_ENABLE_OBJC_ARC = YES;
				CLANG_WARN_BOOL_CONVERSION = YES;
				CLANG_WARN_CONSTANT_CONVERSION = YES;
				CLANG_WARN_DIRECT_OBJC_ISA_USAGE = YES_ERROR;
				CLANG_WARN_EMPTY_BODY = YES;
				CLANG_WARN_ENUM_CONVERSION = YES;
				CLANG_WARN_INT_CONVERSION = YES;
				CLANG_WARN_OBJC_ROOT_CLASS = YES_ERROR;
				CLANG_WARN_UNREACHABLE_CODE = YES;
				CLANG_WARN__DUPLICATE_METHOD_MATCH = YES;
				CODE_SIGN_IDENTITY = "iPhone Distribution: Janus Broch Mols (9CRRCXUMP7)";
				"CODE_SIGN_IDENTITY[sdk=iphoneos*]" = "iPhone Distribution: Janus Broch Mols (9CRRCXUMP7)";
				COPY_PHASE_STRIP = YES;
				ENABLE_NS_ASSERTIONS = NO;
				ENABLE_STRICT_OBJC_MSGSEND = YES;
				GCC_C_LANGUAGE_STANDARD = gnu99;
				GCC_WARN_64_TO_32_BIT_CONVERSION = YES;
				GCC_WARN_ABOUT_RETURN_TYPE = YES_ERROR;
				GCC_WARN_UNDECLARED_SELECTOR = YES;
				GCC_WARN_UNINITIALIZED_AUTOS = YES_AGGRESSIVE;
				GCC_WARN_UNUSED_FUNCTION = YES;
				GCC_WARN_UNUSED_VARIABLE = YES;
				IPHONEOS_DEPLOYMENT_TARGET = 8.1;
				MTL_ENABLE_DEBUG_INFO = NO;
				PROVISIONING_PROFILE = "f8ebb013-b994-47ef-af69-1136893c6303";
				SDKROOT = iphoneos;
				VALIDATE_PRODUCT = YES;
			};
			name = Release;
		};
		616662E01A0E779E00445753 /* Debug */ = {
			isa = XCBuildConfiguration;
			buildSettings = {
				ASSETCATALOG_COMPILER_APPICON_NAME = AppIcon;
				ASSETCATALOG_COMPILER_LAUNCHIMAGE_NAME = LaunchImage;
				CODE_SIGN_IDENTITY = "iPhone Developer";
				"CODE_SIGN_IDENTITY[sdk=iphoneos*]" = "iPhone Developer";
				INFOPLIST_FILE = teeest/Info.plist;
				IPHONEOS_DEPLOYMENT_TARGET = 7.0;
				LD_RUNPATH_SEARCH_PATHS = "$(inherited) @executable_path/Frameworks";
				ONLY_ACTIVE_ARCH = YES;
				PRODUCT_NAME = TumblingSC;
				PROVISIONING_PROFILE = "";
				TARGETED_DEVICE_FAMILY = "1,2";
			};
			name = Debug;
		};
		616662E11A0E779E00445753 /* Release */ = {
			isa = XCBuildConfiguration;
			buildSettings = {
				ASSETCATALOG_COMPILER_APPICON_NAME = AppIcon;
				ASSETCATALOG_COMPILER_LAUNCHIMAGE_NAME = LaunchImage;
				CODE_SIGN_IDENTITY = "iPhone Developer";
				"CODE_SIGN_IDENTITY[sdk=iphoneos*]" = "iPhone Developer";
				INFOPLIST_FILE = teeest/Info.plist;
				IPHONEOS_DEPLOYMENT_TARGET = 7.0;
				LD_RUNPATH_SEARCH_PATHS = "$(inherited) @executable_path/Frameworks";
				PRODUCT_NAME = TumblingSC;
				PROVISIONING_PROFILE = "";
				TARGETED_DEVICE_FAMILY = "1,2";
			};
			name = Release;
		};
		616662E31A0E779E00445753 /* Debug */ = {
			isa = XCBuildConfiguration;
			buildSettings = {
				BUNDLE_LOADER = "$(TEST_HOST)";
				CODE_SIGN_IDENTITY = "iPhone Developer";
				"CODE_SIGN_IDENTITY[sdk=iphoneos*]" = "iPhone Developer";
				FRAMEWORK_SEARCH_PATHS = (
					"$(SDKROOT)/Developer/Library/Frameworks",
					"$(inherited)",
				);
				GCC_PREPROCESSOR_DEFINITIONS = (
					"DEBUG=1",
					"$(inherited)",
				);
				INFOPLIST_FILE = teeestTests/Info.plist;
				LD_RUNPATH_SEARCH_PATHS = "$(inherited) @executable_path/Frameworks @loader_path/Frameworks";
				PRODUCT_NAME = TumblingSCTests;
				PROVISIONING_PROFILE = "";
				TEST_HOST = "$(BUILT_PRODUCTS_DIR)/TumblingSC.app/TumblingSC";
			};
			name = Debug;
		};
		616662E41A0E779E00445753 /* Release */ = {
			isa = XCBuildConfiguration;
			buildSettings = {
				BUNDLE_LOADER = "$(TEST_HOST)";
				CODE_SIGN_IDENTITY = "iPhone Developer";
				"CODE_SIGN_IDENTITY[sdk=iphoneos*]" = "iPhone Developer";
				FRAMEWORK_SEARCH_PATHS = (
					"$(SDKROOT)/Developer/Library/Frameworks",
					"$(inherited)",
				);
				INFOPLIST_FILE = teeestTests/Info.plist;
				LD_RUNPATH_SEARCH_PATHS = "$(inherited) @executable_path/Frameworks @loader_path/Frameworks";
				PRODUCT_NAME = TumblingSCTests;
				PROVISIONING_PROFILE = "";
				TEST_HOST = "$(BUILT_PRODUCTS_DIR)/TumblingSC.app/TumblingSC";
			};
			name = Release;
		};
		61FE4D311A12C23A00952732 /* Distribution */ = {
			isa = XCBuildConfiguration;
			buildSettings = {
				ALWAYS_SEARCH_USER_PATHS = NO;
				CLANG_CXX_LANGUAGE_STANDARD = "gnu++0x";
				CLANG_CXX_LIBRARY = "libc++";
				CLANG_ENABLE_MODULES = YES;
				CLANG_ENABLE_OBJC_ARC = YES;
				CLANG_WARN_BOOL_CONVERSION = YES;
				CLANG_WARN_CONSTANT_CONVERSION = YES;
				CLANG_WARN_DIRECT_OBJC_ISA_USAGE = YES_ERROR;
				CLANG_WARN_EMPTY_BODY = YES;
				CLANG_WARN_ENUM_CONVERSION = YES;
				CLANG_WARN_INT_CONVERSION = YES;
				CLANG_WARN_OBJC_ROOT_CLASS = YES_ERROR;
				CLANG_WARN_UNREACHABLE_CODE = YES;
				CLANG_WARN__DUPLICATE_METHOD_MATCH = YES;
				CODE_SIGN_IDENTITY = "iPhone Distribution: Janus Broch Mols (9CRRCXUMP7)";
				"CODE_SIGN_IDENTITY[sdk=iphoneos*]" = "iPhone Distribution: Janus Broch Mols (9CRRCXUMP7)";
				COPY_PHASE_STRIP = YES;
				ENABLE_NS_ASSERTIONS = NO;
				ENABLE_STRICT_OBJC_MSGSEND = YES;
				GCC_C_LANGUAGE_STANDARD = gnu99;
				GCC_WARN_64_TO_32_BIT_CONVERSION = YES;
				GCC_WARN_ABOUT_RETURN_TYPE = YES_ERROR;
				GCC_WARN_UNDECLARED_SELECTOR = YES;
				GCC_WARN_UNINITIALIZED_AUTOS = YES_AGGRESSIVE;
				GCC_WARN_UNUSED_FUNCTION = YES;
				GCC_WARN_UNUSED_VARIABLE = YES;
				IPHONEOS_DEPLOYMENT_TARGET = 8.1;
				MTL_ENABLE_DEBUG_INFO = NO;
				PROVISIONING_PROFILE = "f8ebb013-b994-47ef-af69-1136893c6303";
				SDKROOT = iphoneos;
				VALIDATE_PRODUCT = YES;
			};
			name = Distribution;
		};
		61FE4D321A12C23A00952732 /* Distribution */ = {
			isa = XCBuildConfiguration;
			buildSettings = {
				ASSETCATALOG_COMPILER_APPICON_NAME = AppIcon;
				ASSETCATALOG_COMPILER_LAUNCHIMAGE_NAME = LaunchImage;
				CODE_SIGN_IDENTITY = "iPhone Developer";
				"CODE_SIGN_IDENTITY[sdk=iphoneos*]" = "iPhone Developer";
				INFOPLIST_FILE = teeest/Info.plist;
				IPHONEOS_DEPLOYMENT_TARGET = 7.0;
				LD_RUNPATH_SEARCH_PATHS = "$(inherited) @executable_path/Frameworks";
				PRODUCT_NAME = TumblingSC;
				PROVISIONING_PROFILE = "";
				TARGETED_DEVICE_FAMILY = "1,2";
			};
			name = Distribution;
		};
		61FE4D331A12C23A00952732 /* Distribution */ = {
			isa = XCBuildConfiguration;
			buildSettings = {
				BUNDLE_LOADER = "$(TEST_HOST)";
				CODE_SIGN_IDENTITY = "iPhone Developer";
				"CODE_SIGN_IDENTITY[sdk=iphoneos*]" = "iPhone Developer";
				FRAMEWORK_SEARCH_PATHS = (
					"$(SDKROOT)/Developer/Library/Frameworks",
					"$(inherited)",
				);
				INFOPLIST_FILE = teeestTests/Info.plist;
				LD_RUNPATH_SEARCH_PATHS = "$(inherited) @executable_path/Frameworks @loader_path/Frameworks";
				PRODUCT_NAME = TumblingSCTests;
				PROVISIONING_PROFILE = "";
				TEST_HOST = "$(BUILT_PRODUCTS_DIR)/TumblingSC.app/TumblingSC";
			};
			name = Distribution;
		};
/* End XCBuildConfiguration section */

/* Begin XCConfigurationList section */
		616662B71A0E779E00445753 /* Build configuration list for PBXProject "TumblingSC" */ = {
			isa = XCConfigurationList;
			buildConfigurations = (
				616662DD1A0E779E00445753 /* Debug */,
				616662DE1A0E779E00445753 /* Release */,
				61FE4D311A12C23A00952732 /* Distribution */,
			);
			defaultConfigurationIsVisible = 0;
			defaultConfigurationName = Release;
		};
		616662DF1A0E779E00445753 /* Build configuration list for PBXNativeTarget "TumblingSC" */ = {
			isa = XCConfigurationList;
			buildConfigurations = (
				616662E01A0E779E00445753 /* Debug */,
				616662E11A0E779E00445753 /* Release */,
				61FE4D321A12C23A00952732 /* Distribution */,
			);
			defaultConfigurationIsVisible = 0;
			defaultConfigurationName = Release;
		};
		616662E21A0E779E00445753 /* Build configuration list for PBXNativeTarget "TumblingSCTests" */ = {
			isa = XCConfigurationList;
			buildConfigurations = (
				616662E31A0E779E00445753 /* Debug */,
				616662E41A0E779E00445753 /* Release */,
				61FE4D331A12C23A00952732 /* Distribution */,
			);
			defaultConfigurationIsVisible = 0;
			defaultConfigurationName = Release;
		};
/* End XCConfigurationList section */
	};
	rootObject = 616662B41A0E779E00445753 /* Project object */;
}
